
Microsoft Visual Studio Solution File, Format Version 12.00
# Visual Studio Version 16
VisualStudioVersion = 16.0.29509.3
MinimumVisualStudioVersion = 10.0.40219.1
Project("{FAE04EC0-301F-11D3-BF4B-00C04F79EFBC}") = "MvcClient", "MvcClient.csproj", "{6EEEB7C4-9838-4721-B97B-111D2B6F50D5}"
EndProject
Global
	GlobalSection(SolutionConfigurationPlatforms) = preSolution
		Debug|Any CPU = Debug|Any CPU
		Release|Any CPU = Release|Any CPU
	EndGlobalSection
	GlobalSection(ProjectConfigurationPlatforms) = postSolution
		{6EEEB7C4-9838-4721-B97B-111D2B6F50D5}.Debug|Any CPU.ActiveCfg = Debug|Any CPU
		{6EEEB7C4-9838-4721-B97B-111D2B6F50D5}.Debug|Any CPU.Build.0 = Debug|Any CPU
		{6EEEB7C4-9838-4721-B97B-111D2B6F50D5}.Release|Any CPU.ActiveCfg = Release|Any CPU
		{6EEEB7C4-9838-4721-B97B-111D2B6F50D5}.Release|Any CPU.Build.0 = Release|Any CPU
	EndGlobalSection
	GlobalSection(SolutionProperties) = preSolution
		HideSolutionNode = FALSE
	EndGlobalSection
	GlobalSection(ExtensibilityGlobals) = postSolution
		SolutionGuid = {0F3C04F9-75C5-48C6-8314-4410E98B5F3E}
	EndGlobalSection
EndGlobal
