
Microsoft Visual Studio Solution File, Format Version 12.00
# Visual Studio Version 16
VisualStudioVersion = 16.0.29509.3
MinimumVisualStudioVersion = 10.0.40219.1
Project("{FAE04EC0-301F-11D3-BF4B-00C04F79EFBC}") = "API1RESOURCE", "API1RESOURCE.csproj", "{EAEA7F8B-387D-48FB-A51B-BF1FB03C2456}"
EndProject
Global
	GlobalSection(SolutionConfigurationPlatforms) = preSolution
		Debug|Any CPU = Debug|Any CPU
		Release|Any CPU = Release|Any CPU
	EndGlobalSection
	GlobalSection(ProjectConfigurationPlatforms) = postSolution
		{EAEA7F8B-387D-48FB-A51B-BF1FB03C2456}.Debug|Any CPU.ActiveCfg = Debug|Any CPU
		{EAEA7F8B-387D-48FB-A51B-BF1FB03C2456}.Debug|Any CPU.Build.0 = Debug|Any CPU
		{EAEA7F8B-387D-48FB-A51B-BF1FB03C2456}.Release|Any CPU.ActiveCfg = Release|Any CPU
		{EAEA7F8B-387D-48FB-A51B-BF1FB03C2456}.Release|Any CPU.Build.0 = Release|Any CPU
	EndGlobalSection
	GlobalSection(SolutionProperties) = preSolution
		HideSolutionNode = FALSE
	EndGlobalSection
	GlobalSection(ExtensibilityGlobals) = postSolution
		SolutionGuid = {38CB3728-F410-436B-B5D9-5B882AF4E4F0}
	EndGlobalSection
EndGlobal
